
Microsoft Visual Studio Solution File, Format Version 12.00
# Visual Studio 15
VisualStudioVersion = 15.0.28307.421
MinimumVisualStudioVersion = 10.0.40219.1
Project("{9A19103F-16F7-4668-BE54-9A1E7A4F7556}") = "ColdMealsTests", "ColdMeals\ColdMealsTests.csproj", "{DB8666DF-0D6D-4727-9816-A80C78872775}"
EndProject
Project("{FAE04EC0-301F-11D3-BF4B-00C04F79EFBC}") = "ColdMeals", "Core\ColdMeals.csproj", "{AFF8C7DF-D67A-48DF-80E0-1023A1B72767}"
EndProject
Global
	GlobalSection(SolutionConfigurationPlatforms) = preSolution
		Debug|Any CPU = Debug|Any CPU
		Release|Any CPU = Release|Any CPU
	EndGlobalSection
	GlobalSection(ProjectConfigurationPlatforms) = postSolution
		{DB8666DF-0D6D-4727-9816-A80C78872775}.Debug|Any CPU.ActiveCfg = Debug|Any CPU
		{DB8666DF-0D6D-4727-9816-A80C78872775}.Debug|Any CPU.Build.0 = Debug|Any CPU
		{DB8666DF-0D6D-4727-9816-A80C78872775}.Release|Any CPU.ActiveCfg = Release|Any CPU
		{DB8666DF-0D6D-4727-9816-A80C78872775}.Release|Any CPU.Build.0 = Release|Any CPU
		{AFF8C7DF-D67A-48DF-80E0-1023A1B72767}.Debug|Any CPU.ActiveCfg = Debug|Any CPU
		{AFF8C7DF-D67A-48DF-80E0-1023A1B72767}.Debug|Any CPU.Build.0 = Debug|Any CPU
		{AFF8C7DF-D67A-48DF-80E0-1023A1B72767}.Release|Any CPU.ActiveCfg = Release|Any CPU
		{AFF8C7DF-D67A-48DF-80E0-1023A1B72767}.Release|Any CPU.Build.0 = Release|Any CPU
	EndGlobalSection
	GlobalSection(SolutionProperties) = preSolution
		HideSolutionNode = FALSE
	EndGlobalSection
	GlobalSection(ExtensibilityGlobals) = postSolution
		SolutionGuid = {6AE5F335-F62A-42BC-83F9-7AE59F02E155}
	EndGlobalSection
EndGlobal
