
Microsoft Visual Studio Solution File, Format Version 12.00
# Visual Studio 15
VisualStudioVersion = 15.0.27004.2009
MinimumVisualStudioVersion = 10.0.40219.1
Project("{FAE04EC0-301F-11D3-BF4B-00C04F79EFBC}") = "SocratesFranceTest", "SocratesFranceTest\SocratesFranceTest.csproj", "{CB8CA989-86F3-4B33-9183-BE57D3C7EBCA}"
EndProject
Project("{FAE04EC0-301F-11D3-BF4B-00C04F79EFBC}") = "SocratesFrance", "TestProject\SocratesFrance.csproj", "{725C70F2-D716-4D26-955D-F4307E08B4AE}"
EndProject
Global
	GlobalSection(SolutionConfigurationPlatforms) = preSolution
		Debug|Any CPU = Debug|Any CPU
		Release|Any CPU = Release|Any CPU
	EndGlobalSection
	GlobalSection(ProjectConfigurationPlatforms) = postSolution
		{CB8CA989-86F3-4B33-9183-BE57D3C7EBCA}.Debug|Any CPU.ActiveCfg = Debug|Any CPU
		{CB8CA989-86F3-4B33-9183-BE57D3C7EBCA}.Debug|Any CPU.Build.0 = Debug|Any CPU
		{CB8CA989-86F3-4B33-9183-BE57D3C7EBCA}.Release|Any CPU.ActiveCfg = Release|Any CPU
		{CB8CA989-86F3-4B33-9183-BE57D3C7EBCA}.Release|Any CPU.Build.0 = Release|Any CPU
		{725C70F2-D716-4D26-955D-F4307E08B4AE}.Debug|Any CPU.ActiveCfg = Debug|Any CPU
		{725C70F2-D716-4D26-955D-F4307E08B4AE}.Debug|Any CPU.Build.0 = Debug|Any CPU
		{725C70F2-D716-4D26-955D-F4307E08B4AE}.Release|Any CPU.ActiveCfg = Release|Any CPU
		{725C70F2-D716-4D26-955D-F4307E08B4AE}.Release|Any CPU.Build.0 = Release|Any CPU
	EndGlobalSection
	GlobalSection(SolutionProperties) = preSolution
		HideSolutionNode = FALSE
	EndGlobalSection
	GlobalSection(ExtensibilityGlobals) = postSolution
		SolutionGuid = {55BCF572-D9FD-43D2-9D25-DD526928F8C8}
	EndGlobalSection
EndGlobal
